{
  "pins" : [
    {
      "identity" : "swift-snapshot-testing",
      "kind" : "remoteSourceControl",
      "location" : "https://github.com/ContentsToolDev/swift-snapshot-testing",
      "state" : {
        "branch" : "main",
        "revision" : "49a8f63027e8383dfd47d19258fdff7449e86644"
      }
    },
    {
      "identity" : "swift-syntax-xcframeworks",
      "kind" : "remoteSourceControl",
      "location" : "https://github.com/ContentsToolDev/swift-syntax-xcframeworks",
      "state" : {
        "branch" : "main",
        "revision" : "fb8e587d8a85e4fdfed67949d22ddedfc16748d5"
      }
    }
  ],
  "version" : 2
}
